
Microsoft Visual Studio Solution File, Format Version 12.00
# Visual Studio Version 17
VisualStudioVersion = 17.4.33205.214
MinimumVisualStudioVersion = 10.0.40219.1
Project("{FAE04EC0-301F-11D3-BF4B-00C04F79EFBC}") = "DATN.Data", "DATN.Data\DATN.Data.csproj", "{EAFD2A99-FE52-4F98-A6B9-5E2EF8966562}"
EndProject
Global
	GlobalSection(SolutionConfigurationPlatforms) = preSolution
		Debug|Any CPU = Debug|Any CPU
		Release|Any CPU = Release|Any CPU
	EndGlobalSection
	GlobalSection(ProjectConfigurationPlatforms) = postSolution
		{EAFD2A99-FE52-4F98-A6B9-5E2EF8966562}.Debug|Any CPU.ActiveCfg = Debug|Any CPU
		{EAFD2A99-FE52-4F98-A6B9-5E2EF8966562}.Debug|Any CPU.Build.0 = Debug|Any CPU
		{EAFD2A99-FE52-4F98-A6B9-5E2EF8966562}.Release|Any CPU.ActiveCfg = Release|Any CPU
		{EAFD2A99-FE52-4F98-A6B9-5E2EF8966562}.Release|Any CPU.Build.0 = Release|Any CPU
	EndGlobalSection
	GlobalSection(SolutionProperties) = preSolution
		HideSolutionNode = FALSE
	EndGlobalSection
	GlobalSection(ExtensibilityGlobals) = postSolution
		SolutionGuid = {62235504-9F34-428C-AE32-A8000D26B721}
	EndGlobalSection
EndGlobal
